{
    "name": "playlet-lib",
    "version": "0.11.0",
    "lockfileVersion": 2,
    "requires": true,
    "packages": {
        "": {
            "name": "playlet-lib",
            "version": "0.11.0",
            "hasInstallScript": true,
            "dependencies": {
                "bslib": "npm:@rokucommunity/bslib@^0.1.1",
                "log": "npm:roku-log@^0.9.3"
            }
        },
        "node_modules/bslib": {
            "name": "@rokucommunity/bslib",
            "version": "0.1.1",
            "resolved": "https://registry.npmjs.org/@rokucommunity/bslib/-/bslib-0.1.1.tgz",
            "integrity": "sha512-2ox6EUL+UTtccTbD4dbVjZK3QHa0PHCqpoKMF8lZz9ayzzEP3iVPF8KZR6hOi6bxsIcbGXVjqmtCVkpC4P9SrA=="
        },
        "node_modules/log": {
            "name": "roku-log",
            "version": "0.9.3",
            "resolved": "https://registry.npmjs.org/roku-log/-/roku-log-0.9.3.tgz",
            "integrity": "sha512-YzvtSCdmZJeimyZZ/C5Y7tdw6vpNMrZV90pg8EPn3vLAtRjtxN3dOt73s48BVOx2W00M0BEGmeaECObS2RdIqg==",
            "dependencies": {
                "bslib": "npm:@rokucommunity/bslib@^0.1.1"
            }
        }
    },
    "dependencies": {
        "bslib": {
            "version": "npm:@rokucommunity/bslib@0.1.1",
            "resolved": "https://registry.npmjs.org/@rokucommunity/bslib/-/bslib-0.1.1.tgz",
            "integrity": "sha512-2ox6EUL+UTtccTbD4dbVjZK3QHa0PHCqpoKMF8lZz9ayzzEP3iVPF8KZR6hOi6bxsIcbGXVjqmtCVkpC4P9SrA=="
        },
        "log": {
            "version": "npm:roku-log@0.9.3",
            "resolved": "https://registry.npmjs.org/roku-log/-/roku-log-0.9.3.tgz",
            "integrity": "sha512-YzvtSCdmZJeimyZZ/C5Y7tdw6vpNMrZV90pg8EPn3vLAtRjtxN3dOt73s48BVOx2W00M0BEGmeaECObS2RdIqg==",
            "requires": {
                "bslib": "npm:@rokucommunity/bslib@^0.1.1"
            }
        }
    }
}
