{
    "name": "playlet-app",
    "version": "0.12.0",
    "lockfileVersion": 2,
    "requires": true,
    "packages": {
        "": {
            "name": "playlet-app",
            "version": "0.12.0",
            "hasInstallScript": true,
            "dependencies": {
                "bslib": "npm:@rokucommunity/bslib@^0.1.1"
            }
        },
        "node_modules/bslib": {
            "name": "@rokucommunity/bslib",
            "version": "0.1.1",
            "resolved": "https://registry.npmjs.org/@rokucommunity/bslib/-/bslib-0.1.1.tgz",
            "integrity": "sha512-2ox6EUL+UTtccTbD4dbVjZK3QHa0PHCqpoKMF8lZz9ayzzEP3iVPF8KZR6hOi6bxsIcbGXVjqmtCVkpC4P9SrA=="
        }
    },
    "dependencies": {
        "bslib": {
            "version": "npm:@rokucommunity/bslib@0.1.1",
            "resolved": "https://registry.npmjs.org/@rokucommunity/bslib/-/bslib-0.1.1.tgz",
            "integrity": "sha512-2ox6EUL+UTtccTbD4dbVjZK3QHa0PHCqpoKMF8lZz9ayzzEP3iVPF8KZR6hOi6bxsIcbGXVjqmtCVkpC4P9SrA=="
        }
    }
}
